
Microsoft Visual Studio Solution File, Format Version 12.00
# Visual Studio Version 17
VisualStudioVersion = 17.9.34728.123
MinimumVisualStudioVersion = 10.0.40219.1
Project("{9A19103F-16F7-4668-BE54-9A1E7A4F7556}") = "MqttBrokerGraphApp", "MqttBrokerGraphApp\MqttBrokerGraphApp.csproj", "{09C3AA7A-7233-46FF-AC4D-6F6099DD9864}"
EndProject
Project("{9A19103F-16F7-4668-BE54-9A1E7A4F7556}") = "DeviceClientQueryTestProject", "DeviceClientQueryTestProject\DeviceClientQueryTestProject.csproj", "{C5B5876D-9F4D-47C0-9C11-735F29A01193}"
EndProject
Project("{9A19103F-16F7-4668-BE54-9A1E7A4F7556}") = "DeviceClientQueryLibrary", "DeviceClientQueryLibrary\DeviceClientQueryLibrary.csproj", "{323DF9AC-1577-4286-812E-E2EEA1B35029}"
EndProject
Global
	GlobalSection(SolutionConfigurationPlatforms) = preSolution
		Debug|Any CPU = Debug|Any CPU
		Release|Any CPU = Release|Any CPU
	EndGlobalSection
	GlobalSection(ProjectConfigurationPlatforms) = postSolution
		{09C3AA7A-7233-46FF-AC4D-6F6099DD9864}.Debug|Any CPU.ActiveCfg = Debug|Any CPU
		{09C3AA7A-7233-46FF-AC4D-6F6099DD9864}.Debug|Any CPU.Build.0 = Debug|Any CPU
		{09C3AA7A-7233-46FF-AC4D-6F6099DD9864}.Release|Any CPU.ActiveCfg = Release|Any CPU
		{09C3AA7A-7233-46FF-AC4D-6F6099DD9864}.Release|Any CPU.Build.0 = Release|Any CPU
		{C5B5876D-9F4D-47C0-9C11-735F29A01193}.Debug|Any CPU.ActiveCfg = Debug|Any CPU
		{C5B5876D-9F4D-47C0-9C11-735F29A01193}.Debug|Any CPU.Build.0 = Debug|Any CPU
		{C5B5876D-9F4D-47C0-9C11-735F29A01193}.Release|Any CPU.ActiveCfg = Release|Any CPU
		{C5B5876D-9F4D-47C0-9C11-735F29A01193}.Release|Any CPU.Build.0 = Release|Any CPU
		{323DF9AC-1577-4286-812E-E2EEA1B35029}.Debug|Any CPU.ActiveCfg = Debug|Any CPU
		{323DF9AC-1577-4286-812E-E2EEA1B35029}.Debug|Any CPU.Build.0 = Debug|Any CPU
		{323DF9AC-1577-4286-812E-E2EEA1B35029}.Release|Any CPU.ActiveCfg = Release|Any CPU
		{323DF9AC-1577-4286-812E-E2EEA1B35029}.Release|Any CPU.Build.0 = Release|Any CPU
	EndGlobalSection
	GlobalSection(SolutionProperties) = preSolution
		HideSolutionNode = FALSE
	EndGlobalSection
	GlobalSection(ExtensibilityGlobals) = postSolution
		SolutionGuid = {84B7D65A-B65A-411C-A620-93EE4FCC0430}
	EndGlobalSection
EndGlobal
